
Microsoft Visual Studio Solution File, Format Version 12.00
# Visual Studio Version 17
VisualStudioVersion = 17.12.35527.113
MinimumVisualStudioVersion = 10.0.40219.1
Project("{FAE04EC0-301F-11D3-BF4B-00C04F79EFBC}") = "PokeBuilderMAUI", "PokeBuilderMAUI\PokeBuilderMAUI\PokeBuilderMAUI.csproj", "{FEC36B0E-A3E3-4D7A-AE91-039F44AE0D4D}"
EndProject
Project("{FAE04EC0-301F-11D3-BF4B-00C04F79EFBC}") = "PokeBuilderMAUI.Shared", "PokeBuilderMAUI\PokeBuilderMAUI.Shared\PokeBuilderMAUI.Shared.csproj", "{B66E420E-1C47-4F27-9601-B3635B0F0C35}"
EndProject
Project("{FAE04EC0-301F-11D3-BF4B-00C04F79EFBC}") = "PokeBuilderMAUI.Web", "PokeBuilderMAUI\PokeBuilderMAUI.Web\PokeBuilderMAUI.Web.csproj", "{6ACB7FC5-CF1F-47B2-9C38-901DDB3D393E}"
EndProject
Project("{FAE04EC0-301F-11D3-BF4B-00C04F79EFBC}") = "PokeLoginApi", "PokeLoginApi\PokeLoginApi.csproj", "{540E886B-D6D9-4483-BEC1-19617E1E04F9}"
EndProject
Project("{FAE04EC0-301F-11D3-BF4B-00C04F79EFBC}") = "Test", "Test\Test.csproj", "{19FC7F3C-E93E-444D-87C8-02D278B9A467}"
EndProject
Global
	GlobalSection(SolutionConfigurationPlatforms) = preSolution
		Debug|Any CPU = Debug|Any CPU
		Release|Any CPU = Release|Any CPU
	EndGlobalSection
	GlobalSection(ProjectConfigurationPlatforms) = postSolution
		{FEC36B0E-A3E3-4D7A-AE91-039F44AE0D4D}.Debug|Any CPU.ActiveCfg = Debug|Any CPU
		{FEC36B0E-A3E3-4D7A-AE91-039F44AE0D4D}.Debug|Any CPU.Build.0 = Debug|Any CPU
		{FEC36B0E-A3E3-4D7A-AE91-039F44AE0D4D}.Release|Any CPU.ActiveCfg = Release|Any CPU
		{FEC36B0E-A3E3-4D7A-AE91-039F44AE0D4D}.Release|Any CPU.Build.0 = Release|Any CPU
		{B66E420E-1C47-4F27-9601-B3635B0F0C35}.Debug|Any CPU.ActiveCfg = Debug|Any CPU
		{B66E420E-1C47-4F27-9601-B3635B0F0C35}.Debug|Any CPU.Build.0 = Debug|Any CPU
		{B66E420E-1C47-4F27-9601-B3635B0F0C35}.Release|Any CPU.ActiveCfg = Release|Any CPU
		{B66E420E-1C47-4F27-9601-B3635B0F0C35}.Release|Any CPU.Build.0 = Release|Any CPU
		{6ACB7FC5-CF1F-47B2-9C38-901DDB3D393E}.Debug|Any CPU.ActiveCfg = Debug|Any CPU
		{6ACB7FC5-CF1F-47B2-9C38-901DDB3D393E}.Debug|Any CPU.Build.0 = Debug|Any CPU
		{6ACB7FC5-CF1F-47B2-9C38-901DDB3D393E}.Release|Any CPU.ActiveCfg = Release|Any CPU
		{6ACB7FC5-CF1F-47B2-9C38-901DDB3D393E}.Release|Any CPU.Build.0 = Release|Any CPU
		{540E886B-D6D9-4483-BEC1-19617E1E04F9}.Debug|Any CPU.ActiveCfg = Debug|Any CPU
		{540E886B-D6D9-4483-BEC1-19617E1E04F9}.Debug|Any CPU.Build.0 = Debug|Any CPU
		{540E886B-D6D9-4483-BEC1-19617E1E04F9}.Release|Any CPU.ActiveCfg = Release|Any CPU
		{540E886B-D6D9-4483-BEC1-19617E1E04F9}.Release|Any CPU.Build.0 = Release|Any CPU
		{19FC7F3C-E93E-444D-87C8-02D278B9A467}.Debug|Any CPU.ActiveCfg = Debug|Any CPU
		{19FC7F3C-E93E-444D-87C8-02D278B9A467}.Debug|Any CPU.Build.0 = Debug|Any CPU
		{19FC7F3C-E93E-444D-87C8-02D278B9A467}.Debug|Any CPU.Deploy.0 = Debug|Any CPU
		{19FC7F3C-E93E-444D-87C8-02D278B9A467}.Release|Any CPU.ActiveCfg = Release|Any CPU
		{19FC7F3C-E93E-444D-87C8-02D278B9A467}.Release|Any CPU.Build.0 = Release|Any CPU
		{19FC7F3C-E93E-444D-87C8-02D278B9A467}.Release|Any CPU.Deploy.0 = Release|Any CPU
	EndGlobalSection
	GlobalSection(SolutionProperties) = preSolution
		HideSolutionNode = FALSE
	EndGlobalSection
EndGlobal
