
Microsoft Visual Studio Solution File, Format Version 12.00
# Visual Studio Version 17
VisualStudioVersion = 17.12.35527.113
MinimumVisualStudioVersion = 10.0.40219.1
Project("{FAE04EC0-301F-11D3-BF4B-00C04F79EFBC}") = "PokeBuilderMAUI", "PokeBuilderMAUI\PokeBuilderMAUI\PokeBuilderMAUI.csproj", "{11D2D48D-9351-4F57-9067-9703B11E57AF}"
EndProject
Project("{FAE04EC0-301F-11D3-BF4B-00C04F79EFBC}") = "PokeBuilderMAUI.Shared", "PokeBuilderMAUI\PokeBuilderMAUI.Shared\PokeBuilderMAUI.Shared.csproj", "{A2151484-00BD-44D3-A915-5E550DE8757E}"
EndProject
Project("{FAE04EC0-301F-11D3-BF4B-00C04F79EFBC}") = "PokeBuilderMAUI.Web", "PokeBuilderMAUI\PokeBuilderMAUI.Web\PokeBuilderMAUI.Web.csproj", "{E8798517-966E-4321-8CB6-25A9DB826456}"
EndProject
Global
	GlobalSection(SolutionConfigurationPlatforms) = preSolution
		Debug|Any CPU = Debug|Any CPU
		Release|Any CPU = Release|Any CPU
	EndGlobalSection
	GlobalSection(ProjectConfigurationPlatforms) = postSolution
		{11D2D48D-9351-4F57-9067-9703B11E57AF}.Debug|Any CPU.ActiveCfg = Debug|Any CPU
		{11D2D48D-9351-4F57-9067-9703B11E57AF}.Debug|Any CPU.Build.0 = Debug|Any CPU
		{11D2D48D-9351-4F57-9067-9703B11E57AF}.Debug|Any CPU.Deploy.0 = Debug|Any CPU
		{11D2D48D-9351-4F57-9067-9703B11E57AF}.Release|Any CPU.ActiveCfg = Release|Any CPU
		{11D2D48D-9351-4F57-9067-9703B11E57AF}.Release|Any CPU.Build.0 = Release|Any CPU
		{A2151484-00BD-44D3-A915-5E550DE8757E}.Debug|Any CPU.ActiveCfg = Debug|Any CPU
		{A2151484-00BD-44D3-A915-5E550DE8757E}.Debug|Any CPU.Build.0 = Debug|Any CPU
		{A2151484-00BD-44D3-A915-5E550DE8757E}.Release|Any CPU.ActiveCfg = Release|Any CPU
		{A2151484-00BD-44D3-A915-5E550DE8757E}.Release|Any CPU.Build.0 = Release|Any CPU
		{E8798517-966E-4321-8CB6-25A9DB826456}.Debug|Any CPU.ActiveCfg = Debug|Any CPU
		{E8798517-966E-4321-8CB6-25A9DB826456}.Debug|Any CPU.Build.0 = Debug|Any CPU
		{E8798517-966E-4321-8CB6-25A9DB826456}.Release|Any CPU.ActiveCfg = Release|Any CPU
		{E8798517-966E-4321-8CB6-25A9DB826456}.Release|Any CPU.Build.0 = Release|Any CPU
	EndGlobalSection
	GlobalSection(SolutionProperties) = preSolution
		HideSolutionNode = FALSE
	EndGlobalSection
	GlobalSection(ExtensibilityGlobals) = postSolution
		SolutionGuid = {E505CCFC-7EF6-48AB-AAA6-8682E4E8737E}
	EndGlobalSection
EndGlobal
